// !$*UTF8*$!
{
	archiveVersion = 1;
	classes = {
	};
	objectVersion = 46;
	objects = {

/* Begin PBXBuildFile section */
		EFCC5D30200F0179000A9C7A /* AppDelegate.swift in Sources */ = {isa = PBXBuildFile; fileRef = EFCC5D2F200F0179000A9C7A /* AppDelegate.swift */; };
		EFCC5D32200F0179000A9C7A /* ViewController.swift in Sources */ = {isa = PBXBuildFile; fileRef = EFCC5D31200F0179000A9C7A /* ViewController.swift */; };
		EFCC5D35200F0179000A9C7A /* Main.storyboard in Resources */ = {isa = PBXBuildFile; fileRef = EFCC5D33200F0179000A9C7A /* Main.storyboard */; };
		EFCC5D37200F0179000A9C7A /* Assets.xcassets in Resources */ = {isa = PBXBuildFile; fileRef = EFCC5D36200F0179000A9C7A /* Assets.xcassets */; };
		EFCC5D3A200F0179000A9C7A /* LaunchScreen.storyboard in Resources */ = {isa = PBXBuildFile; fileRef = EFCC5D38200F0179000A9C7A /* LaunchScreen.storyboard */; };
/* End PBXBuildFile section */

/* Begin PBXFileReference section */
		EFCC5D2C200F0179000A9C7A /* Week02.app */ = {isa = PBXFileReference; explicitFileType = wrapper.application; includeInIndex = 0; path = Week02.app; sourceTree = BUILT_PRODUCTS_DIR; };
		EFCC5D2F200F0179000A9C7A /* AppDelegate.swift */ = {isa = PBXFileReference; lastKnownFileType = sourcecode.swift; path = AppDelegate.swift; sourceTree = "<group>"; };
		EFCC5D31200F0179000A9C7A /* ViewController.swift */ = {isa = PBXFileReference; lastKnownFileType = sourcecode.swift; path = ViewController.swift; sourceTree = "<group>"; };
		EFCC5D34200F0179000A9C7A /* Base */ = {isa = PBXFileReference; lastKnownFileType = file.storyboard; name = Base; path = Base.lproj/Main.storyboard; sourceTree = "<group>"; };
		EFCC5D36200F0179000A9C7A /* Assets.xcassets */ = {isa = PBXFileReference; lastKnownFileType = folder.assetcatalog; path = Assets.xcassets; sourceTree = "<group>"; };
		EFCC5D39200F0179000A9C7A /* Base */ = {isa = PBXFileReference; lastKnownFileType = file.storyboard; name = Base; path = Base.lproj/LaunchScreen.storyboard; sourceTree = "<group>"; };
		EFCC5D3B200F0179000A9C7A /* Info.plist */ = {isa = PBXFileReference; lastKnownFileType = text.plist.xml; path = Info.plist; sourceTree = "<group>"; };
/* End PBXFileReference section */

/* Begin PBXFrameworksBuildPhase section */
		EFCC5D29200F0179000A9C7A /* Frameworks */ = {
			isa = PBXFrameworksBuildPhase;
			buildActionMask = 2147483647;
			files = (
			);
			runOnlyForDeploymentPostprocessing = 0;
		};
/* End PBXFrameworksBuildPhase section */

/* Begin PBXGroup section */
		EFCC5D23200F0179000A9C7A = {
			isa = PBXGroup;
			children = (
				EFCC5D2E200F0179000A9C7A /* Week02 */,
				EFCC5D2D200F0179000A9C7A /* Products */,
			);
			sourceTree = "<group>";
		};
		EFCC5D2D200F0179000A9C7A /* Products */ = {
			isa = PBXGroup;
			children = (
				EFCC5D2C200F0179000A9C7A /* Week02.app */,
			);
			name = Products;
			sourceTree = "<group>";
		};
		EFCC5D2E200F0179000A9C7A /* Week02 */ = {
			isa = PBXGroup;
			children = (
				EFCC5D2F200F0179000A9C7A /* AppDelegate.swift */,
				EFCC5D31200F0179000A9C7A /* ViewController.swift */,
				EFCC5D33200F0179000A9C7A /* Main.storyboard */,
				EFCC5D36200F0179000A9C7A /* Assets.xcassets */,
				EFCC5D38200F0179000A9C7A /* LaunchScreen.storyboard */,
				EFCC5D3B200F0179000A9C7A /* Info.plist */,
			);
			path = Week02;
			sourceTree = "<group>";
		};
/* End PBXGroup section */

/* Begin PBXNativeTarget section */
		EFCC5D2B200F0179000A9C7A /* Week02 */ = {
			isa = PBXNativeTarget;
			buildConfigurationList = EFCC5D3E200F017A000A9C7A /* Build configuration list for PBXNativeTarget "Week02" */;
			buildPhases = (
				EFCC5D28200F0179000A9C7A /* Sources */,
				EFCC5D29200F0179000A9C7A /* Frameworks */,
				EFCC5D2A200F0179000A9C7A /* Resources */,
			);
			buildRules = (
			);
			dependencies = (
			);
			name = Week02;
			productName = Week02;
			productReference = EFCC5D2C200F0179000A9C7A /* Week02.app */;
			productType = "com.apple.product-type.application";
		};
/* End PBXNativeTarget section */

/* Begin PBXProject section */
		EFCC5D24200F0179000A9C7A /* Project object */ = {
			isa = PBXProject;
			attributes = {
				LastSwiftUpdateCheck = 0730;
				LastUpgradeCheck = 0730;
				ORGANIZATIONNAME = Users;
				TargetAttributes = {
					EFCC5D2B200F0179000A9C7A = {
						CreatedOnToolsVersion = 7.3.1;
					};
				};
			};
			buildConfigurationList = EFCC5D27200F0179000A9C7A /* Build configuration list for PBXProject "Week02" */;
			compatibilityVersion = "Xcode 3.2";
			developmentRegion = English;
			hasScannedForEncodings = 0;
			knownRegions = (
				en,
				Base,
			);
			mainGroup = EFCC5D23200F0179000A9C7A;
			productRefGroup = EFCC5D2D200F0179000A9C7A /* Products */;
			projectDirPath = "";
			projectRoot = "";
			targets = (
				EFCC5D2B200F0179000A9C7A /* Week02 */,
			);
		};
/* End PBXProject section */

/* Begin PBXResourcesBuildPhase section */
		EFCC5D2A200F0179000A9C7A /* Resources */ = {
			isa = PBXResourcesBuildPhase;
			buildActionMask = 2147483647;
			files = (
				EFCC5D3A200F0179000A9C7A /* LaunchScreen.storyboard in Resources */,
				EFCC5D37200F0179000A9C7A /* Assets.xcassets in Resources */,
				EFCC5D35200F0179000A9C7A /* Main.storyboard in Resources */,
			);
			runOnlyForDeploymentPostprocessing = 0;
		};
/* End PBXResourcesBuildPhase section */

/* Begin PBXSourcesBuildPhase section */
		EFCC5D28200F0179000A9C7A /* Sources */ = {
			isa = PBXSourcesBuildPhase;
			buildActionMask = 2147483647;
			files = (
				EFCC5D32200F0179000A9C7A /* ViewController.swift in Sources */,
				EFCC5D30200F0179000A9C7A /* AppDelegate.swift in Sources */,
			);
			runOnlyForDeploymentPostprocessing = 0;
		};
/* End PBXSourcesBuildPhase section */

/* Begin PBXVariantGroup section */
		EFCC5D33200F0179000A9C7A /* Main.storyboard */ = {
			isa = PBXVariantGroup;
			children = (
				EFCC5D34200F0179000A9C7A /* Base */,
			);
			name = Main.storyboard;
			sourceTree = "<group>";
		};
		EFCC5D38200F0179000A9C7A /* LaunchScreen.storyboard */ = {
			isa = PBXVariantGroup;
			children = (
				EFCC5D39200F0179000A9C7A /* Base */,
			);
			name = LaunchScreen.storyboard;
			sourceTree = "<group>";
		};
/* End PBXVariantGroup section */

/* Begin XCBuildConfiguration section */
		EFCC5D3C200F0179000A9C7A /* Debug */ = {
			isa = XCBuildConfiguration;
			buildSettings = {
				ALWAYS_SEARCH_USER_PATHS = NO;
				CLANG_ANALYZER_NONNULL = YES;
				CLANG_CXX_LANGUAGE_STANDARD = "gnu++0x";
				CLANG_CXX_LIBRARY = "libc++";
				CLANG_ENABLE_MODULES = YES;
				CLANG_ENABLE_OBJC_ARC = YES;
				CLANG_WARN_BOOL_CONVERSION = YES;
				CLANG_WARN_CONSTANT_CONVERSION = YES;
				CLANG_WARN_DIRECT_OBJC_ISA_USAGE = YES_ERROR;
				CLANG_WARN_EMPTY_BODY = YES;
				CLANG_WARN_ENUM_CONVERSION = YES;
				CLANG_WARN_INT_CONVERSION = YES;
				CLANG_WARN_OBJC_ROOT_CLASS = YES_ERROR;
				CLANG_WARN_UNREACHABLE_CODE = YES;
				CLANG_WARN__DUPLICATE_METHOD_MATCH = YES;
				"CODE_SIGN_IDENTITY[sdk=iphoneos*]" = "iPhone Developer";
				COPY_PHASE_STRIP = NO;
				DEBUG_INFORMATION_FORMAT = dwarf;
				ENABLE_STRICT_OBJC_MSGSEND = YES;
				ENABLE_TESTABILITY = YES;
				GCC_C_LANGUAGE_STANDARD = gnu99;
				GCC_DYNAMIC_NO_PIC = NO;
				GCC_NO_COMMON_BLOCKS = YES;
				GCC_OPTIMIZATION_LEVEL = 0;
				GCC_PREPROCESSOR_DEFINITIONS = (
					"DEBUG=1",
					"$(inherited)",
				);
				GCC_WARN_64_TO_32_BIT_CONVERSION = YES;
				GCC_WARN_ABOUT_RETURN_TYPE = YES_ERROR;
				GCC_WARN_UNDECLARED_SELECTOR = YES;
				GCC_WARN_UNINITIALIZED_AUTOS = YES_AGGRESSIVE;
				GCC_WARN_UNUSED_FUNCTION = YES;
				GCC_WARN_UNUSED_VARIABLE = YES;
				IPHONEOS_DEPLOYMENT_TARGET = 9.3;
				MTL_ENABLE_DEBUG_INFO = YES;
				ONLY_ACTIVE_ARCH = YES;
				SDKROOT = iphoneos;
				SWIFT_OPTIMIZATION_LEVEL = "-Onone";
			};
			name = Debug;
		};
		EFCC5D3D200F0179000A9C7A /* Release */ = {
			isa = XCBuildConfiguration;
			buildSettings = {
				ALWAYS_SEARCH_USER_PATHS = NO;
				CLANG_ANALYZER_NONNULL = YES;
				CLANG_CXX_LANGUAGE_STANDARD = "gnu++0x";
				CLANG_CXX_LIBRARY = "libc++";
				CLANG_ENABLE_MODULES = YES;
				CLANG_ENABLE_OBJC_ARC = YES;
				CLANG_WARN_BOOL_CONVERSION = YES;
				CLANG_WARN_CONSTANT_CONVERSION = YES;
				CLANG_WARN_DIRECT_OBJC_ISA_USAGE = YES_ERROR;
				CLANG_WARN_EMPTY_BODY = YES;
				CLANG_WARN_ENUM_CONVERSION = YES;
				CLANG_WARN_INT_CONVERSION = YES;
				CLANG_WARN_OBJC_ROOT_CLASS = YES_ERROR;
				CLANG_WARN_UNREACHABLE_CODE = YES;
				CLANG_WARN__DUPLICATE_METHOD_MATCH = YES;
				"CODE_SIGN_IDENTITY[sdk=iphoneos*]" = "iPhone Developer";
				COPY_PHASE_STRIP = NO;
				DEBUG_INFORMATION_FORMAT = "dwarf-with-dsym";
				ENABLE_NS_ASSERTIONS = NO;
				ENABLE_STRICT_OBJC_MSGSEND = YES;
				GCC_C_LANGUAGE_STANDARD = gnu99;
				GCC_NO_COMMON_BLOCKS = YES;
				GCC_WARN_64_TO_32_BIT_CONVERSION = YES;
				GCC_WARN_ABOUT_RETURN_TYPE = YES_ERROR;
				GCC_WARN_UNDECLARED_SELECTOR = YES;
				GCC_WARN_UNINITIALIZED_AUTOS = YES_AGGRESSIVE;
				GCC_WARN_UNUSED_FUNCTION = YES;
				GCC_WARN_UNUSED_VARIABLE = YES;
				IPHONEOS_DEPLOYMENT_TARGET = 9.3;
				MTL_ENABLE_DEBUG_INFO = NO;
				SDKROOT = iphoneos;
				VALIDATE_PRODUCT = YES;
			};
			name = Release;
		};
		EFCC5D3F200F017A000A9C7A /* Debug */ = {
			isa = XCBuildConfiguration;
			buildSettings = {
				ASSETCATALOG_COMPILER_APPICON_NAME = AppIcon;
				CODE_SIGN_IDENTITY = "iPhone Developer";
				INFOPLIST_FILE = Week02/Info.plist;
				IPHONEOS_DEPLOYMENT_TARGET = 9.3;
				LD_RUNPATH_SEARCH_PATHS = "$(inherited) @executable_path/Frameworks";
				PRODUCT_BUNDLE_IDENTIFIER = kevin.Week02;
				PRODUCT_NAME = "$(TARGET_NAME)";
				TARGETED_DEVICE_FAMILY = 1;
			};
			name = Debug;
		};
		EFCC5D40200F017A000A9C7A /* Release */ = {
			isa = XCBuildConfiguration;
			buildSettings = {
				ASSETCATALOG_COMPILER_APPICON_NAME = AppIcon;
				CODE_SIGN_IDENTITY = "iPhone Developer";
				INFOPLIST_FILE = Week02/Info.plist;
				IPHONEOS_DEPLOYMENT_TARGET = 9.3;
				LD_RUNPATH_SEARCH_PATHS = "$(inherited) @executable_path/Frameworks";
				PRODUCT_BUNDLE_IDENTIFIER = kevin.Week02;
				PRODUCT_NAME = "$(TARGET_NAME)";
				TARGETED_DEVICE_FAMILY = 1;
			};
			name = Release;
		};
/* End XCBuildConfiguration section */

/* Begin XCConfigurationList section */
		EFCC5D27200F0179000A9C7A /* Build configuration list for PBXProject "Week02" */ = {
			isa = XCConfigurationList;
			buildConfigurations = (
				EFCC5D3C200F0179000A9C7A /* Debug */,
				EFCC5D3D200F0179000A9C7A /* Release */,
			);
			defaultConfigurationIsVisible = 0;
			defaultConfigurationName = Release;
		};
		EFCC5D3E200F017A000A9C7A /* Build configuration list for PBXNativeTarget "Week02" */ = {
			isa = XCConfigurationList;
			buildConfigurations = (
				EFCC5D3F200F017A000A9C7A /* Debug */,
				EFCC5D40200F017A000A9C7A /* Release */,
			);
			defaultConfigurationIsVisible = 0;
		};
/* End XCConfigurationList section */
	};
	rootObject = EFCC5D24200F0179000A9C7A /* Project object */;
}
